
Microsoft Visual Studio Solution File, Format Version 12.00
# Visual Studio Version 16
VisualStudioVersion = 16.0.29911.84
MinimumVisualStudioVersion = 10.0.40219.1
Project("{FAE04EC0-301F-11D3-BF4B-00C04F79EFBC}") = "codingpractise", "codingpractise.csproj", "{4FC33050-4934-4BC2-B900-0D9295CB0670}"
EndProject
Global
	GlobalSection(SolutionConfigurationPlatforms) = preSolution
		Debug|Any CPU = Debug|Any CPU
		Release|Any CPU = Release|Any CPU
	EndGlobalSection
	GlobalSection(ProjectConfigurationPlatforms) = postSolution
		{4FC33050-4934-4BC2-B900-0D9295CB0670}.Debug|Any CPU.ActiveCfg = Debug|Any CPU
		{4FC33050-4934-4BC2-B900-0D9295CB0670}.Debug|Any CPU.Build.0 = Debug|Any CPU
		{4FC33050-4934-4BC2-B900-0D9295CB0670}.Release|Any CPU.ActiveCfg = Release|Any CPU
		{4FC33050-4934-4BC2-B900-0D9295CB0670}.Release|Any CPU.Build.0 = Release|Any CPU
	EndGlobalSection
	GlobalSection(SolutionProperties) = preSolution
		HideSolutionNode = FALSE
	EndGlobalSection
	GlobalSection(ExtensibilityGlobals) = postSolution
		SolutionGuid = {6DE543E1-6C6F-4CC5-9101-9C575A653396}
	EndGlobalSection
EndGlobal
