
Microsoft Visual Studio Solution File, Format Version 12.00
# Visual Studio Version 16
VisualStudioVersion = 16.0.29911.84
MinimumVisualStudioVersion = 10.0.40219.1
Project("{9A19103F-16F7-4668-BE54-9A1E7A4F7556}") = "reverseString", "reverseString.csproj", "{AB940C33-C121-4751-8770-E8501D674376}"
EndProject
Global
	GlobalSection(SolutionConfigurationPlatforms) = preSolution
		Debug|Any CPU = Debug|Any CPU
		Release|Any CPU = Release|Any CPU
	EndGlobalSection
	GlobalSection(ProjectConfigurationPlatforms) = postSolution
		{AB940C33-C121-4751-8770-E8501D674376}.Debug|Any CPU.ActiveCfg = Debug|Any CPU
		{AB940C33-C121-4751-8770-E8501D674376}.Debug|Any CPU.Build.0 = Debug|Any CPU
		{AB940C33-C121-4751-8770-E8501D674376}.Release|Any CPU.ActiveCfg = Release|Any CPU
		{AB940C33-C121-4751-8770-E8501D674376}.Release|Any CPU.Build.0 = Release|Any CPU
	EndGlobalSection
	GlobalSection(SolutionProperties) = preSolution
		HideSolutionNode = FALSE
	EndGlobalSection
	GlobalSection(ExtensibilityGlobals) = postSolution
		SolutionGuid = {06B0F2C1-E4CE-4FA9-8A1B-0F7879E9981C}
	EndGlobalSection
EndGlobal
